// !$*UTF8*$!
{
	archiveVersion = 1;
	classes = {
	};
	objectVersion = 56;
	objects = {

/* Begin PBXBuildFile section */
		760D4DD32A56DE4500C6CC09 /* MyStationDetailViewController.swift in Sources */ = {isa = PBXBuildFile; fileRef = 760D4DD22A56DE4500C6CC09 /* MyStationDetailViewController.swift */; };
		760D4DD52A56DEBA00C6CC09 /* MyStationDetailCell.swift in Sources */ = {isa = PBXBuildFile; fileRef = 760D4DD42A56DEBA00C6CC09 /* MyStationDetailCell.swift */; };
		760D4DD72A56E2CA00C6CC09 /* MyStationDetail.storyboard in Resources */ = {isa = PBXBuildFile; fileRef = 760D4DD62A56E2CA00C6CC09 /* MyStationDetail.storyboard */; };
		7615E5072A56EA0C003975B6 /* RelatedArtistsResponse.swift in Sources */ = {isa = PBXBuildFile; fileRef = 7615E5062A56EA0C003975B6 /* RelatedArtistsResponse.swift */; };
		7615E5092A56EAB0003975B6 /* MyStationDetailViewModel.swift in Sources */ = {isa = PBXBuildFile; fileRef = 7615E5082A56EAB0003975B6 /* MyStationDetailViewModel.swift */; };
		7615E50B2A57EE4A003975B6 /* DetailCell.swift in Sources */ = {isa = PBXBuildFile; fileRef = 7615E50A2A57EE4A003975B6 /* DetailCell.swift */; };
		7615E50D2A57F53D003975B6 /* HomeDetailViewModel.swift in Sources */ = {isa = PBXBuildFile; fileRef = 7615E50C2A57F53D003975B6 /* HomeDetailViewModel.swift */; };
		762C77742A42C730008692C2 /* AppDelegate.swift in Sources */ = {isa = PBXBuildFile; fileRef = 762C77732A42C730008692C2 /* AppDelegate.swift */; };
		762C77762A42C730008692C2 /* SceneDelegate.swift in Sources */ = {isa = PBXBuildFile; fileRef = 762C77752A42C730008692C2 /* SceneDelegate.swift */; };
		762C777B2A42C730008692C2 /* Main.storyboard in Resources */ = {isa = PBXBuildFile; fileRef = 762C77792A42C730008692C2 /* Main.storyboard */; };
		762C777D2A42C730008692C2 /* Assets.xcassets in Resources */ = {isa = PBXBuildFile; fileRef = 762C777C2A42C730008692C2 /* Assets.xcassets */; };
		762C77802A42C730008692C2 /* LaunchScreen.storyboard in Resources */ = {isa = PBXBuildFile; fileRef = 762C777E2A42C730008692C2 /* LaunchScreen.storyboard */; };
		762C77882A42D12B008692C2 /* HomeViewController.swift in Sources */ = {isa = PBXBuildFile; fileRef = 762C77872A42D12B008692C2 /* HomeViewController.swift */; };
		762C778A2A42D15C008692C2 /* BrowseViewController.swift in Sources */ = {isa = PBXBuildFile; fileRef = 762C77892A42D15C008692C2 /* BrowseViewController.swift */; };
		762C778C2A42D166008692C2 /* StoreViewController.swift in Sources */ = {isa = PBXBuildFile; fileRef = 762C778B2A42D166008692C2 /* StoreViewController.swift */; };
		762C778E2A42D1F0008692C2 /* ListenAgainCell.swift in Sources */ = {isa = PBXBuildFile; fileRef = 762C778D2A42D1F0008692C2 /* ListenAgainCell.swift */; };
		762C77932A42D396008692C2 /* HomeHeader.swift in Sources */ = {isa = PBXBuildFile; fileRef = 762C77922A42D396008692C2 /* HomeHeader.swift */; };
		762C77952A42D8D3008692C2 /* ListenAgain.swift in Sources */ = {isa = PBXBuildFile; fileRef = 762C77942A42D8D3008692C2 /* ListenAgain.swift */; };
		762C77992A42EE7E008692C2 /* Detail.storyboard in Resources */ = {isa = PBXBuildFile; fileRef = 762C77982A42EE7E008692C2 /* Detail.storyboard */; };
		762C779B2A42EE93008692C2 /* DetailViewController.swift in Sources */ = {isa = PBXBuildFile; fileRef = 762C779A2A42EE93008692C2 /* DetailViewController.swift */; };
		762C77A02A430BC9008692C2 /* QuickSelectionCell.swift in Sources */ = {isa = PBXBuildFile; fileRef = 762C779F2A430BC9008692C2 /* QuickSelectionCell.swift */; };
		76320D1A2A5584B3007F6BFD /* SearchResultView.swift in Sources */ = {isa = PBXBuildFile; fileRef = 76320D192A5584B3007F6BFD /* SearchResultView.swift */; };
		763D29FE2A52CEBE00D80936 /* SearchResultCell.swift in Sources */ = {isa = PBXBuildFile; fileRef = 763D29FD2A52CEBE00D80936 /* SearchResultCell.swift */; };
		763D2A002A52D04D00D80936 /* SearchResponse.swift in Sources */ = {isa = PBXBuildFile; fileRef = 763D29FF2A52D04D00D80936 /* SearchResponse.swift */; };
		763D2A022A52D4F700D80936 /* Search.storyboard in Resources */ = {isa = PBXBuildFile; fileRef = 763D2A012A52D4F700D80936 /* Search.storyboard */; };
		763D2A042A52D50700D80936 /* SearchViewController.swift in Sources */ = {isa = PBXBuildFile; fileRef = 763D2A032A52D50700D80936 /* SearchViewController.swift */; };
		763D2A062A52D53800D80936 /* SearchCell.swift in Sources */ = {isa = PBXBuildFile; fileRef = 763D2A052A52D53800D80936 /* SearchCell.swift */; };
		763D2A082A5300EC00D80936 /* SearchViewModel.swift in Sources */ = {isa = PBXBuildFile; fileRef = 763D2A072A5300EC00D80936 /* SearchViewModel.swift */; };
		7674ACC22A4AF998000B9FFA /* CustomMixCell.swift in Sources */ = {isa = PBXBuildFile; fileRef = 7674ACC12A4AF998000B9FFA /* CustomMixCell.swift */; };
		767F78A12A431B830006D60A /* Home.storyboard in Resources */ = {isa = PBXBuildFile; fileRef = 767F789F2A431B830006D60A /* Home.storyboard */; };
		767F78A42A431BB90006D60A /* Browse.storyboard in Resources */ = {isa = PBXBuildFile; fileRef = 767F78A22A431BB90006D60A /* Browse.storyboard */; };
		7698AF522A459BED00691292 /* CustomBarItem.swift in Sources */ = {isa = PBXBuildFile; fileRef = 7698AF512A459BED00691292 /* CustomBarItem.swift */; };
		7698AF542A45A13900691292 /* UIBarButtonItem+CumstomView.swift in Sources */ = {isa = PBXBuildFile; fileRef = 7698AF532A45A13900691292 /* UIBarButtonItem+CumstomView.swift */; };
		769B50692A4AB258008DFE78 /* CustomMix.swift in Sources */ = {isa = PBXBuildFile; fileRef = 769B50682A4AB258008DFE78 /* CustomMix.swift */; };
		769B506B2A4AB2F8008DFE78 /* PlaylistCardCell.swift in Sources */ = {isa = PBXBuildFile; fileRef = 769B506A2A4AB2F8008DFE78 /* PlaylistCardCell.swift */; };
		769B506D2A4AC07A008DFE78 /* PlaylistCard.swift in Sources */ = {isa = PBXBuildFile; fileRef = 769B506C2A4AC07A008DFE78 /* PlaylistCard.swift */; };
		76C188DA2A58033500173A9E /* MusicPlayerViewController.swift in Sources */ = {isa = PBXBuildFile; fileRef = 76C188D92A58033500173A9E /* MusicPlayerViewController.swift */; };
		76E65F992A4D68CA006F96A9 /* SpotifyAccessToken.swift in Sources */ = {isa = PBXBuildFile; fileRef = 76E65F982A4D68CA006F96A9 /* SpotifyAccessToken.swift */; };
		76E7DCE42A4C0CFD009503C3 /* HomeViewModel.swift in Sources */ = {isa = PBXBuildFile; fileRef = 76E7DCE32A4C0CFD009503C3 /* HomeViewModel.swift */; };
		76E7DCE62A4C4652009503C3 /* Spotify.swift in Sources */ = {isa = PBXBuildFile; fileRef = 76E7DCE52A4C4652009503C3 /* Spotify.swift */; };
		76E7DCEB2A4C490D009503C3 /* NetworkService.swift in Sources */ = {isa = PBXBuildFile; fileRef = 76E7DCEA2A4C490D009503C3 /* NetworkService.swift */; };
		76E7DCED2A4C492A009503C3 /* Resource.swift in Sources */ = {isa = PBXBuildFile; fileRef = 76E7DCEC2A4C492A009503C3 /* Resource.swift */; };
		76E7DCF02A4C495B009503C3 /* Publisher+Utils.swift in Sources */ = {isa = PBXBuildFile; fileRef = 76E7DCEF2A4C495B009503C3 /* Publisher+Utils.swift */; };
		76E7DCF32A4C5112009503C3 /* Kingfisher in Frameworks */ = {isa = PBXBuildFile; productRef = 76E7DCF22A4C5112009503C3 /* Kingfisher */; };
		76F3AC8F2A444B1B0015A6CC /* MyStationCell.swift in Sources */ = {isa = PBXBuildFile; fileRef = 76F3AC8E2A444B1B0015A6CC /* MyStationCell.swift */; };
		76F3AC912A4463AE0015A6CC /* QuickSelection.swift in Sources */ = {isa = PBXBuildFile; fileRef = 76F3AC902A4463AE0015A6CC /* QuickSelection.swift */; };
		76F3AC932A4463B80015A6CC /* MyStation.swift in Sources */ = {isa = PBXBuildFile; fileRef = 76F3AC922A4463B80015A6CC /* MyStation.swift */; };
		76F3AC952A4475740015A6CC /* HomeNavigationController.swift in Sources */ = {isa = PBXBuildFile; fileRef = 76F3AC942A4475740015A6CC /* HomeNavigationController.swift */; };
		76F3AC9A2A44775A0015A6CC /* MainTabBarController.swift in Sources */ = {isa = PBXBuildFile; fileRef = 76F3AC992A44775A0015A6CC /* MainTabBarController.swift */; };
/* End PBXBuildFile section */

/* Begin PBXFileReference section */
		760D4DD22A56DE4500C6CC09 /* MyStationDetailViewController.swift */ = {isa = PBXFileReference; lastKnownFileType = sourcecode.swift; path = MyStationDetailViewController.swift; sourceTree = "<group>"; };
		760D4DD42A56DEBA00C6CC09 /* MyStationDetailCell.swift */ = {isa = PBXFileReference; lastKnownFileType = sourcecode.swift; path = MyStationDetailCell.swift; sourceTree = "<group>"; };
		760D4DD62A56E2CA00C6CC09 /* MyStationDetail.storyboard */ = {isa = PBXFileReference; fileEncoding = 4; lastKnownFileType = file.storyboard; name = MyStationDetail.storyboard; path = YoutubeMusicAppClone/Home/MyStationDetail/MyStationDetail.storyboard; sourceTree = SOURCE_ROOT; };
		7615E5062A56EA0C003975B6 /* RelatedArtistsResponse.swift */ = {isa = PBXFileReference; lastKnownFileType = sourcecode.swift; path = RelatedArtistsResponse.swift; sourceTree = "<group>"; };
		7615E5082A56EAB0003975B6 /* MyStationDetailViewModel.swift */ = {isa = PBXFileReference; lastKnownFileType = sourcecode.swift; path = MyStationDetailViewModel.swift; sourceTree = "<group>"; };
		7615E50A2A57EE4A003975B6 /* DetailCell.swift */ = {isa = PBXFileReference; lastKnownFileType = sourcecode.swift; path = DetailCell.swift; sourceTree = "<group>"; };
		7615E50C2A57F53D003975B6 /* HomeDetailViewModel.swift */ = {isa = PBXFileReference; lastKnownFileType = sourcecode.swift; path = HomeDetailViewModel.swift; sourceTree = "<group>"; };
		762C77702A42C730008692C2 /* YoutubeMusicAppClone.app */ = {isa = PBXFileReference; explicitFileType = wrapper.application; includeInIndex = 0; path = YoutubeMusicAppClone.app; sourceTree = BUILT_PRODUCTS_DIR; };
		762C77732A42C730008692C2 /* AppDelegate.swift */ = {isa = PBXFileReference; lastKnownFileType = sourcecode.swift; path = AppDelegate.swift; sourceTree = "<group>"; };
		762C77752A42C730008692C2 /* SceneDelegate.swift */ = {isa = PBXFileReference; lastKnownFileType = sourcecode.swift; path = SceneDelegate.swift; sourceTree = "<group>"; };
		762C777A2A42C730008692C2 /* Base */ = {isa = PBXFileReference; lastKnownFileType = file.storyboard; name = Base; path = Base.lproj/Main.storyboard; sourceTree = "<group>"; };
		762C777C2A42C730008692C2 /* Assets.xcassets */ = {isa = PBXFileReference; lastKnownFileType = folder.assetcatalog; path = Assets.xcassets; sourceTree = "<group>"; };
		762C777F2A42C730008692C2 /* Base */ = {isa = PBXFileReference; lastKnownFileType = file.storyboard; name = Base; path = Base.lproj/LaunchScreen.storyboard; sourceTree = "<group>"; };
		762C77812A42C730008692C2 /* Info.plist */ = {isa = PBXFileReference; lastKnownFileType = text.plist.xml; path = Info.plist; sourceTree = "<group>"; };
		762C77872A42D12B008692C2 /* HomeViewController.swift */ = {isa = PBXFileReference; lastKnownFileType = sourcecode.swift; path = HomeViewController.swift; sourceTree = "<group>"; };
		762C77892A42D15C008692C2 /* BrowseViewController.swift */ = {isa = PBXFileReference; lastKnownFileType = sourcecode.swift; path = BrowseViewController.swift; sourceTree = "<group>"; };
		762C778B2A42D166008692C2 /* StoreViewController.swift */ = {isa = PBXFileReference; lastKnownFileType = sourcecode.swift; path = StoreViewController.swift; sourceTree = "<group>"; };
		762C778D2A42D1F0008692C2 /* ListenAgainCell.swift */ = {isa = PBXFileReference; lastKnownFileType = sourcecode.swift; path = ListenAgainCell.swift; sourceTree = "<group>"; };
		762C77922A42D396008692C2 /* HomeHeader.swift */ = {isa = PBXFileReference; lastKnownFileType = sourcecode.swift; path = HomeHeader.swift; sourceTree = "<group>"; };
		762C77942A42D8D3008692C2 /* ListenAgain.swift */ = {isa = PBXFileReference; lastKnownFileType = sourcecode.swift; path = ListenAgain.swift; sourceTree = "<group>"; };
		762C77982A42EE7E008692C2 /* Detail.storyboard */ = {isa = PBXFileReference; lastKnownFileType = file.storyboard; path = Detail.storyboard; sourceTree = "<group>"; };
		762C779A2A42EE93008692C2 /* DetailViewController.swift */ = {isa = PBXFileReference; lastKnownFileType = sourcecode.swift; path = DetailViewController.swift; sourceTree = "<group>"; };
		762C779F2A430BC9008692C2 /* QuickSelectionCell.swift */ = {isa = PBXFileReference; lastKnownFileType = sourcecode.swift; path = QuickSelectionCell.swift; sourceTree = "<group>"; };
		76320D192A5584B3007F6BFD /* SearchResultView.swift */ = {isa = PBXFileReference; lastKnownFileType = sourcecode.swift; path = SearchResultView.swift; sourceTree = "<group>"; };
		763D29FD2A52CEBE00D80936 /* SearchResultCell.swift */ = {isa = PBXFileReference; lastKnownFileType = sourcecode.swift; path = SearchResultCell.swift; sourceTree = "<group>"; };
		763D29FF2A52D04D00D80936 /* SearchResponse.swift */ = {isa = PBXFileReference; lastKnownFileType = sourcecode.swift; path = SearchResponse.swift; sourceTree = "<group>"; };
		763D2A012A52D4F700D80936 /* Search.storyboard */ = {isa = PBXFileReference; lastKnownFileType = file.storyboard; path = Search.storyboard; sourceTree = "<group>"; };
		763D2A032A52D50700D80936 /* SearchViewController.swift */ = {isa = PBXFileReference; lastKnownFileType = sourcecode.swift; path = SearchViewController.swift; sourceTree = "<group>"; };
		763D2A052A52D53800D80936 /* SearchCell.swift */ = {isa = PBXFileReference; lastKnownFileType = sourcecode.swift; path = SearchCell.swift; sourceTree = "<group>"; };
		763D2A072A5300EC00D80936 /* SearchViewModel.swift */ = {isa = PBXFileReference; lastKnownFileType = sourcecode.swift; path = SearchViewModel.swift; sourceTree = "<group>"; };
		7674ACC12A4AF998000B9FFA /* CustomMixCell.swift */ = {isa = PBXFileReference; lastKnownFileType = sourcecode.swift; path = CustomMixCell.swift; sourceTree = "<group>"; };
		767F78A02A431B830006D60A /* Base */ = {isa = PBXFileReference; lastKnownFileType = file.storyboard; name = Base; path = YoutubeMusicAppClone/Home/Base.lproj/Home.storyboard; sourceTree = "<group>"; };
		767F78A32A431BB90006D60A /* Base */ = {isa = PBXFileReference; lastKnownFileType = file.storyboard; name = Base; path = YoutubeMusicAppClone/Base.lproj/Browse.storyboard; sourceTree = "<group>"; };
		7698AF512A459BED00691292 /* CustomBarItem.swift */ = {isa = PBXFileReference; lastKnownFileType = sourcecode.swift; path = CustomBarItem.swift; sourceTree = "<group>"; };
		7698AF532A45A13900691292 /* UIBarButtonItem+CumstomView.swift */ = {isa = PBXFileReference; lastKnownFileType = sourcecode.swift; path = "UIBarButtonItem+CumstomView.swift"; sourceTree = "<group>"; };
		769B50682A4AB258008DFE78 /* CustomMix.swift */ = {isa = PBXFileReference; lastKnownFileType = sourcecode.swift; path = CustomMix.swift; sourceTree = "<group>"; };
		769B506A2A4AB2F8008DFE78 /* PlaylistCardCell.swift */ = {isa = PBXFileReference; lastKnownFileType = sourcecode.swift; path = PlaylistCardCell.swift; sourceTree = "<group>"; };
		769B506C2A4AC07A008DFE78 /* PlaylistCard.swift */ = {isa = PBXFileReference; lastKnownFileType = sourcecode.swift; path = PlaylistCard.swift; sourceTree = "<group>"; };
		76C188D92A58033500173A9E /* MusicPlayerViewController.swift */ = {isa = PBXFileReference; lastKnownFileType = sourcecode.swift; path = MusicPlayerViewController.swift; sourceTree = "<group>"; };
		76E65F982A4D68CA006F96A9 /* SpotifyAccessToken.swift */ = {isa = PBXFileReference; lastKnownFileType = sourcecode.swift; path = SpotifyAccessToken.swift; sourceTree = "<group>"; };
		76E7DCE32A4C0CFD009503C3 /* HomeViewModel.swift */ = {isa = PBXFileReference; lastKnownFileType = sourcecode.swift; path = HomeViewModel.swift; sourceTree = "<group>"; };
		76E7DCE52A4C4652009503C3 /* Spotify.swift */ = {isa = PBXFileReference; lastKnownFileType = sourcecode.swift; path = Spotify.swift; sourceTree = "<group>"; };
		76E7DCEA2A4C490D009503C3 /* NetworkService.swift */ = {isa = PBXFileReference; lastKnownFileType = sourcecode.swift; path = NetworkService.swift; sourceTree = "<group>"; };
		76E7DCEC2A4C492A009503C3 /* Resource.swift */ = {isa = PBXFileReference; lastKnownFileType = sourcecode.swift; path = Resource.swift; sourceTree = "<group>"; };
		76E7DCEF2A4C495B009503C3 /* Publisher+Utils.swift */ = {isa = PBXFileReference; lastKnownFileType = sourcecode.swift; path = "Publisher+Utils.swift"; sourceTree = "<group>"; };
		76F3AC8E2A444B1B0015A6CC /* MyStationCell.swift */ = {isa = PBXFileReference; lastKnownFileType = sourcecode.swift; path = MyStationCell.swift; sourceTree = "<group>"; };
		76F3AC902A4463AE0015A6CC /* QuickSelection.swift */ = {isa = PBXFileReference; lastKnownFileType = sourcecode.swift; path = QuickSelection.swift; sourceTree = "<group>"; };
		76F3AC922A4463B80015A6CC /* MyStation.swift */ = {isa = PBXFileReference; lastKnownFileType = sourcecode.swift; path = MyStation.swift; sourceTree = "<group>"; };
		76F3AC942A4475740015A6CC /* HomeNavigationController.swift */ = {isa = PBXFileReference; lastKnownFileType = sourcecode.swift; path = HomeNavigationController.swift; sourceTree = "<group>"; };
		76F3AC992A44775A0015A6CC /* MainTabBarController.swift */ = {isa = PBXFileReference; lastKnownFileType = sourcecode.swift; path = MainTabBarController.swift; sourceTree = "<group>"; };
/* End PBXFileReference section */

/* Begin PBXFrameworksBuildPhase section */
		762C776D2A42C730008692C2 /* Frameworks */ = {
			isa = PBXFrameworksBuildPhase;
			buildActionMask = 2147483647;
			files = (
				76E7DCF32A4C5112009503C3 /* Kingfisher in Frameworks */,
			);
			runOnlyForDeploymentPostprocessing = 0;
		};
/* End PBXFrameworksBuildPhase section */

/* Begin PBXGroup section */
		760D4DCF2A56DE1F00C6CC09 /* MyStationDetail */ = {
			isa = PBXGroup;
			children = (
				760D4DD62A56E2CA00C6CC09 /* MyStationDetail.storyboard */,
				760D4DD22A56DE4500C6CC09 /* MyStationDetailViewController.swift */,
				760D4DD42A56DEBA00C6CC09 /* MyStationDetailCell.swift */,
				7615E5082A56EAB0003975B6 /* MyStationDetailViewModel.swift */,
			);
			path = MyStationDetail;
			sourceTree = "<group>";
		};
		762C77672A42C730008692C2 = {
			isa = PBXGroup;
			children = (
				762C77722A42C730008692C2 /* YoutubeMusicAppClone */,
				762C77712A42C730008692C2 /* Products */,
			);
			sourceTree = "<group>";
		};
		762C77712A42C730008692C2 /* Products */ = {
			isa = PBXGroup;
			children = (
				762C77702A42C730008692C2 /* YoutubeMusicAppClone.app */,
			);
			name = Products;
			sourceTree = "<group>";
		};
		762C77722A42C730008692C2 /* YoutubeMusicAppClone */ = {
			isa = PBXGroup;
			children = (
				76C188DB2A58033B00173A9E /* MusicPlayer */,
				762C77752A42C730008692C2 /* SceneDelegate.swift */,
				762C77732A42C730008692C2 /* AppDelegate.swift */,
				76E7DCEE2A4C4939009503C3 /* Utils */,
				76E7DCE92A4C48E4009503C3 /* Network */,
				763D29F72A52C80000D80936 /* Search */,
				76F3AC962A4476010015A6CC /* Views */,
				762C778F2A42D310008692C2 /* Home */,
				762C77902A42D333008692C2 /* Browse */,
				762C77912A42D33C008692C2 /* Store */,
				762C77972A42DA7D008692C2 /* Model */,
				7698AF552A45C0A900691292 /* Extensions */,
				762C777C2A42C730008692C2 /* Assets.xcassets */,
				762C777E2A42C730008692C2 /* LaunchScreen.storyboard */,
				762C77812A42C730008692C2 /* Info.plist */,
			);
			path = YoutubeMusicAppClone;
			sourceTree = "<group>";
		};
		762C778F2A42D310008692C2 /* Home */ = {
			isa = PBXGroup;
			children = (
				767F789F2A431B830006D60A /* Home.storyboard */,
				76E7DCE32A4C0CFD009503C3 /* HomeViewModel.swift */,
				762C77872A42D12B008692C2 /* HomeViewController.swift */,
				76F3AC942A4475740015A6CC /* HomeNavigationController.swift */,
				762C77922A42D396008692C2 /* HomeHeader.swift */,
				7698AF512A459BED00691292 /* CustomBarItem.swift */,
				762C778D2A42D1F0008692C2 /* ListenAgainCell.swift */,
				762C779F2A430BC9008692C2 /* QuickSelectionCell.swift */,
				76F3AC8E2A444B1B0015A6CC /* MyStationCell.swift */,
				7674ACC12A4AF998000B9FFA /* CustomMixCell.swift */,
				769B506A2A4AB2F8008DFE78 /* PlaylistCardCell.swift */,
				762C779C2A42EF1A008692C2 /* Detail */,
				760D4DCF2A56DE1F00C6CC09 /* MyStationDetail */,
			);
			path = Home;
			sourceTree = "<group>";
		};
		762C77902A42D333008692C2 /* Browse */ = {
			isa = PBXGroup;
			children = (
				767F78A22A431BB90006D60A /* Browse.storyboard */,
				762C77892A42D15C008692C2 /* BrowseViewController.swift */,
			);
			path = Browse;
			sourceTree = "<group>";
		};
		762C77912A42D33C008692C2 /* Store */ = {
			isa = PBXGroup;
			children = (
				762C778B2A42D166008692C2 /* StoreViewController.swift */,
			);
			path = Store;
			sourceTree = "<group>";
		};
		762C77972A42DA7D008692C2 /* Model */ = {
			isa = PBXGroup;
			children = (
				762C77942A42D8D3008692C2 /* ListenAgain.swift */,
				76F3AC902A4463AE0015A6CC /* QuickSelection.swift */,
				76F3AC922A4463B80015A6CC /* MyStation.swift */,
				769B50682A4AB258008DFE78 /* CustomMix.swift */,
				769B506C2A4AC07A008DFE78 /* PlaylistCard.swift */,
				76E7DCE52A4C4652009503C3 /* Spotify.swift */,
				76E65F982A4D68CA006F96A9 /* SpotifyAccessToken.swift */,
				763D29FF2A52D04D00D80936 /* SearchResponse.swift */,
				7615E5062A56EA0C003975B6 /* RelatedArtistsResponse.swift */,
			);
			path = Model;
			sourceTree = "<group>";
		};
		762C779C2A42EF1A008692C2 /* Detail */ = {
			isa = PBXGroup;
			children = (
				762C77982A42EE7E008692C2 /* Detail.storyboard */,
				762C779A2A42EE93008692C2 /* DetailViewController.swift */,
				7615E50A2A57EE4A003975B6 /* DetailCell.swift */,
				7615E50C2A57F53D003975B6 /* HomeDetailViewModel.swift */,
			);
			path = Detail;
			sourceTree = "<group>";
		};
		763D29F72A52C80000D80936 /* Search */ = {
			isa = PBXGroup;
			children = (
				763D2A072A5300EC00D80936 /* SearchViewModel.swift */,
				763D2A012A52D4F700D80936 /* Search.storyboard */,
				763D2A032A52D50700D80936 /* SearchViewController.swift */,
				763D2A052A52D53800D80936 /* SearchCell.swift */,
				76320D192A5584B3007F6BFD /* SearchResultView.swift */,
				763D29FD2A52CEBE00D80936 /* SearchResultCell.swift */,
			);
			path = Search;
			sourceTree = "<group>";
		};
		7698AF552A45C0A900691292 /* Extensions */ = {
			isa = PBXGroup;
			children = (
				7698AF532A45A13900691292 /* UIBarButtonItem+CumstomView.swift */,
			);
			path = Extensions;
			sourceTree = "<group>";
		};
		76C188DB2A58033B00173A9E /* MusicPlayer */ = {
			isa = PBXGroup;
			children = (
				76C188D92A58033500173A9E /* MusicPlayerViewController.swift */,
			);
			path = MusicPlayer;
			sourceTree = "<group>";
		};
		76E7DCE92A4C48E4009503C3 /* Network */ = {
			isa = PBXGroup;
			children = (
				76E7DCEA2A4C490D009503C3 /* NetworkService.swift */,
				76E7DCEC2A4C492A009503C3 /* Resource.swift */,
			);
			path = Network;
			sourceTree = "<group>";
		};
		76E7DCEE2A4C4939009503C3 /* Utils */ = {
			isa = PBXGroup;
			children = (
				76E7DCEF2A4C495B009503C3 /* Publisher+Utils.swift */,
			);
			path = Utils;
			sourceTree = "<group>";
		};
		76F3AC962A4476010015A6CC /* Views */ = {
			isa = PBXGroup;
			children = (
				762C77792A42C730008692C2 /* Main.storyboard */,
				76F3AC992A44775A0015A6CC /* MainTabBarController.swift */,
			);
			path = Views;
			sourceTree = "<group>";
		};
/* End PBXGroup section */

/* Begin PBXNativeTarget section */
		762C776F2A42C730008692C2 /* YoutubeMusicAppClone */ = {
			isa = PBXNativeTarget;
			buildConfigurationList = 762C77842A42C730008692C2 /* Build configuration list for PBXNativeTarget "YoutubeMusicAppClone" */;
			buildPhases = (
				762C776C2A42C730008692C2 /* Sources */,
				762C776D2A42C730008692C2 /* Frameworks */,
				762C776E2A42C730008692C2 /* Resources */,
			);
			buildRules = (
			);
			dependencies = (
			);
			name = YoutubeMusicAppClone;
			packageProductDependencies = (
				76E7DCF22A4C5112009503C3 /* Kingfisher */,
			);
			productName = YoutubeMusicAppClone;
			productReference = 762C77702A42C730008692C2 /* YoutubeMusicAppClone.app */;
			productType = "com.apple.product-type.application";
		};
/* End PBXNativeTarget section */

/* Begin PBXProject section */
		762C77682A42C730008692C2 /* Project object */ = {
			isa = PBXProject;
			attributes = {
				BuildIndependentTargetsInParallel = 1;
				LastSwiftUpdateCheck = 1430;
				LastUpgradeCheck = 1430;
				TargetAttributes = {
					762C776F2A42C730008692C2 = {
						CreatedOnToolsVersion = 14.3;
					};
				};
			};
			buildConfigurationList = 762C776B2A42C730008692C2 /* Build configuration list for PBXProject "YoutubeMusicAppClone" */;
			compatibilityVersion = "Xcode 14.0";
			developmentRegion = en;
			hasScannedForEncodings = 0;
			knownRegions = (
				en,
				Base,
			);
			mainGroup = 762C77672A42C730008692C2;
			packageReferences = (
				76E7DCF12A4C5112009503C3 /* XCRemoteSwiftPackageReference "Kingfisher" */,
			);
			productRefGroup = 762C77712A42C730008692C2 /* Products */;
			projectDirPath = "";
			projectRoot = "";
			targets = (
				762C776F2A42C730008692C2 /* YoutubeMusicAppClone */,
			);
		};
/* End PBXProject section */

/* Begin PBXResourcesBuildPhase section */
		762C776E2A42C730008692C2 /* Resources */ = {
			isa = PBXResourcesBuildPhase;
			buildActionMask = 2147483647;
			files = (
				767F78A42A431BB90006D60A /* Browse.storyboard in Resources */,
				762C77802A42C730008692C2 /* LaunchScreen.storyboard in Resources */,
				767F78A12A431B830006D60A /* Home.storyboard in Resources */,
				760D4DD72A56E2CA00C6CC09 /* MyStationDetail.storyboard in Resources */,
				762C777D2A42C730008692C2 /* Assets.xcassets in Resources */,
				762C777B2A42C730008692C2 /* Main.storyboard in Resources */,
				763D2A022A52D4F700D80936 /* Search.storyboard in Resources */,
				762C77992A42EE7E008692C2 /* Detail.storyboard in Resources */,
			);
			runOnlyForDeploymentPostprocessing = 0;
		};
/* End PBXResourcesBuildPhase section */

/* Begin PBXSourcesBuildPhase section */
		762C776C2A42C730008692C2 /* Sources */ = {
			isa = PBXSourcesBuildPhase;
			buildActionMask = 2147483647;
			files = (
				763D2A082A5300EC00D80936 /* SearchViewModel.swift in Sources */,
				7698AF542A45A13900691292 /* UIBarButtonItem+CumstomView.swift in Sources */,
				763D2A062A52D53800D80936 /* SearchCell.swift in Sources */,
				76E7DCE42A4C0CFD009503C3 /* HomeViewModel.swift in Sources */,
				762C779B2A42EE93008692C2 /* DetailViewController.swift in Sources */,
				762C778C2A42D166008692C2 /* StoreViewController.swift in Sources */,
				76F3AC9A2A44775A0015A6CC /* MainTabBarController.swift in Sources */,
				76C188DA2A58033500173A9E /* MusicPlayerViewController.swift in Sources */,
				76E7DCEB2A4C490D009503C3 /* NetworkService.swift in Sources */,
				76E7DCF02A4C495B009503C3 /* Publisher+Utils.swift in Sources */,
				763D2A042A52D50700D80936 /* SearchViewController.swift in Sources */,
				76F3AC912A4463AE0015A6CC /* QuickSelection.swift in Sources */,
				769B506B2A4AB2F8008DFE78 /* PlaylistCardCell.swift in Sources */,
				763D29FE2A52CEBE00D80936 /* SearchResultCell.swift in Sources */,
				769B50692A4AB258008DFE78 /* CustomMix.swift in Sources */,
				76F3AC8F2A444B1B0015A6CC /* MyStationCell.swift in Sources */,
				762C77742A42C730008692C2 /* AppDelegate.swift in Sources */,
				769B506D2A4AC07A008DFE78 /* PlaylistCard.swift in Sources */,
				76F3AC952A4475740015A6CC /* HomeNavigationController.swift in Sources */,
				762C77762A42C730008692C2 /* SceneDelegate.swift in Sources */,
				760D4DD32A56DE4500C6CC09 /* MyStationDetailViewController.swift in Sources */,
				7615E50D2A57F53D003975B6 /* HomeDetailViewModel.swift in Sources */,
				76E7DCE62A4C4652009503C3 /* Spotify.swift in Sources */,
				760D4DD52A56DEBA00C6CC09 /* MyStationDetailCell.swift in Sources */,
				7674ACC22A4AF998000B9FFA /* CustomMixCell.swift in Sources */,
				762C778A2A42D15C008692C2 /* BrowseViewController.swift in Sources */,
				762C77932A42D396008692C2 /* HomeHeader.swift in Sources */,
				7615E5092A56EAB0003975B6 /* MyStationDetailViewModel.swift in Sources */,
				76E7DCED2A4C492A009503C3 /* Resource.swift in Sources */,
				76F3AC932A4463B80015A6CC /* MyStation.swift in Sources */,
				763D2A002A52D04D00D80936 /* SearchResponse.swift in Sources */,
				76E65F992A4D68CA006F96A9 /* SpotifyAccessToken.swift in Sources */,
				76320D1A2A5584B3007F6BFD /* SearchResultView.swift in Sources */,
				762C77882A42D12B008692C2 /* HomeViewController.swift in Sources */,
				762C778E2A42D1F0008692C2 /* ListenAgainCell.swift in Sources */,
				7698AF522A459BED00691292 /* CustomBarItem.swift in Sources */,
				7615E5072A56EA0C003975B6 /* RelatedArtistsResponse.swift in Sources */,
				762C77A02A430BC9008692C2 /* QuickSelectionCell.swift in Sources */,
				7615E50B2A57EE4A003975B6 /* DetailCell.swift in Sources */,
				762C77952A42D8D3008692C2 /* ListenAgain.swift in Sources */,
			);
			runOnlyForDeploymentPostprocessing = 0;
		};
/* End PBXSourcesBuildPhase section */

/* Begin PBXVariantGroup section */
		762C77792A42C730008692C2 /* Main.storyboard */ = {
			isa = PBXVariantGroup;
			children = (
				762C777A2A42C730008692C2 /* Base */,
			);
			name = Main.storyboard;
			sourceTree = "<group>";
		};
		762C777E2A42C730008692C2 /* LaunchScreen.storyboard */ = {
			isa = PBXVariantGroup;
			children = (
				762C777F2A42C730008692C2 /* Base */,
			);
			name = LaunchScreen.storyboard;
			sourceTree = "<group>";
		};
		767F789F2A431B830006D60A /* Home.storyboard */ = {
			isa = PBXVariantGroup;
			children = (
				767F78A02A431B830006D60A /* Base */,
			);
			name = Home.storyboard;
			sourceTree = "<group>";
		};
		767F78A22A431BB90006D60A /* Browse.storyboard */ = {
			isa = PBXVariantGroup;
			children = (
				767F78A32A431BB90006D60A /* Base */,
			);
			name = Browse.storyboard;
			sourceTree = "<group>";
		};
/* End PBXVariantGroup section */

/* Begin XCBuildConfiguration section */
		762C77822A42C730008692C2 /* Debug */ = {
			isa = XCBuildConfiguration;
			buildSettings = {
				ALWAYS_SEARCH_USER_PATHS = NO;
				CLANG_ANALYZER_NONNULL = YES;
				CLANG_ANALYZER_NUMBER_OBJECT_CONVERSION = YES_AGGRESSIVE;
				CLANG_CXX_LANGUAGE_STANDARD = "gnu++20";
				CLANG_ENABLE_MODULES = YES;
				CLANG_ENABLE_OBJC_ARC = YES;
				CLANG_ENABLE_OBJC_WEAK = YES;
				CLANG_WARN_BLOCK_CAPTURE_AUTORELEASING = YES;
				CLANG_WARN_BOOL_CONVERSION = YES;
				CLANG_WARN_COMMA = YES;
				CLANG_WARN_CONSTANT_CONVERSION = YES;
				CLANG_WARN_DEPRECATED_OBJC_IMPLEMENTATIONS = YES;
				CLANG_WARN_DIRECT_OBJC_ISA_USAGE = YES_ERROR;
				CLANG_WARN_DOCUMENTATION_COMMENTS = YES;
				CLANG_WARN_EMPTY_BODY = YES;
				CLANG_WARN_ENUM_CONVERSION = YES;
				CLANG_WARN_INFINITE_RECURSION = YES;
				CLANG_WARN_INT_CONVERSION = YES;
				CLANG_WARN_NON_LITERAL_NULL_CONVERSION = YES;
				CLANG_WARN_OBJC_IMPLICIT_RETAIN_SELF = YES;
				CLANG_WARN_OBJC_LITERAL_CONVERSION = YES;
				CLANG_WARN_OBJC_ROOT_CLASS = YES_ERROR;
				CLANG_WARN_QUOTED_INCLUDE_IN_FRAMEWORK_HEADER = YES;
				CLANG_WARN_RANGE_LOOP_ANALYSIS = YES;
				CLANG_WARN_STRICT_PROTOTYPES = YES;
				CLANG_WARN_SUSPICIOUS_MOVE = YES;
				CLANG_WARN_UNGUARDED_AVAILABILITY = YES_AGGRESSIVE;
				CLANG_WARN_UNREACHABLE_CODE = YES;
				CLANG_WARN__DUPLICATE_METHOD_MATCH = YES;
				COPY_PHASE_STRIP = NO;
				DEBUG_INFORMATION_FORMAT = dwarf;
				ENABLE_STRICT_OBJC_MSGSEND = YES;
				ENABLE_TESTABILITY = YES;
				GCC_C_LANGUAGE_STANDARD = gnu11;
				GCC_DYNAMIC_NO_PIC = NO;
				GCC_NO_COMMON_BLOCKS = YES;
				GCC_OPTIMIZATION_LEVEL = 0;
				GCC_PREPROCESSOR_DEFINITIONS = (
					"DEBUG=1",
					"$(inherited)",
				);
				GCC_WARN_64_TO_32_BIT_CONVERSION = YES;
				GCC_WARN_ABOUT_RETURN_TYPE = YES_ERROR;
				GCC_WARN_UNDECLARED_SELECTOR = YES;
				GCC_WARN_UNINITIALIZED_AUTOS = YES_AGGRESSIVE;
				GCC_WARN_UNUSED_FUNCTION = YES;
				GCC_WARN_UNUSED_VARIABLE = YES;
				IPHONEOS_DEPLOYMENT_TARGET = 14.0;
				MTL_ENABLE_DEBUG_INFO = INCLUDE_SOURCE;
				MTL_FAST_MATH = YES;
				ONLY_ACTIVE_ARCH = YES;
				SDKROOT = iphoneos;
				SWIFT_ACTIVE_COMPILATION_CONDITIONS = DEBUG;
				SWIFT_OPTIMIZATION_LEVEL = "-Onone";
			};
			name = Debug;
		};
		762C77832A42C730008692C2 /* Release */ = {
			isa = XCBuildConfiguration;
			buildSettings = {
				ALWAYS_SEARCH_USER_PATHS = NO;
				CLANG_ANALYZER_NONNULL = YES;
				CLANG_ANALYZER_NUMBER_OBJECT_CONVERSION = YES_AGGRESSIVE;
				CLANG_CXX_LANGUAGE_STANDARD = "gnu++20";
				CLANG_ENABLE_MODULES = YES;
				CLANG_ENABLE_OBJC_ARC = YES;
				CLANG_ENABLE_OBJC_WEAK = YES;
				CLANG_WARN_BLOCK_CAPTURE_AUTORELEASING = YES;
				CLANG_WARN_BOOL_CONVERSION = YES;
				CLANG_WARN_COMMA = YES;
				CLANG_WARN_CONSTANT_CONVERSION = YES;
				CLANG_WARN_DEPRECATED_OBJC_IMPLEMENTATIONS = YES;
				CLANG_WARN_DIRECT_OBJC_ISA_USAGE = YES_ERROR;
				CLANG_WARN_DOCUMENTATION_COMMENTS = YES;
				CLANG_WARN_EMPTY_BODY = YES;
				CLANG_WARN_ENUM_CONVERSION = YES;
				CLANG_WARN_INFINITE_RECURSION = YES;
				CLANG_WARN_INT_CONVERSION = YES;
				CLANG_WARN_NON_LITERAL_NULL_CONVERSION = YES;
				CLANG_WARN_OBJC_IMPLICIT_RETAIN_SELF = YES;
				CLANG_WARN_OBJC_LITERAL_CONVERSION = YES;
				CLANG_WARN_OBJC_ROOT_CLASS = YES_ERROR;
				CLANG_WARN_QUOTED_INCLUDE_IN_FRAMEWORK_HEADER = YES;
				CLANG_WARN_RANGE_LOOP_ANALYSIS = YES;
				CLANG_WARN_STRICT_PROTOTYPES = YES;
				CLANG_WARN_SUSPICIOUS_MOVE = YES;
				CLANG_WARN_UNGUARDED_AVAILABILITY = YES_AGGRESSIVE;
				CLANG_WARN_UNREACHABLE_CODE = YES;
				CLANG_WARN__DUPLICATE_METHOD_MATCH = YES;
				COPY_PHASE_STRIP = NO;
				DEBUG_INFORMATION_FORMAT = "dwarf-with-dsym";
				ENABLE_NS_ASSERTIONS = NO;
				ENABLE_STRICT_OBJC_MSGSEND = YES;
				GCC_C_LANGUAGE_STANDARD = gnu11;
				GCC_NO_COMMON_BLOCKS = YES;
				GCC_WARN_64_TO_32_BIT_CONVERSION = YES;
				GCC_WARN_ABOUT_RETURN_TYPE = YES_ERROR;
				GCC_WARN_UNDECLARED_SELECTOR = YES;
				GCC_WARN_UNINITIALIZED_AUTOS = YES_AGGRESSIVE;
				GCC_WARN_UNUSED_FUNCTION = YES;
				GCC_WARN_UNUSED_VARIABLE = YES;
				IPHONEOS_DEPLOYMENT_TARGET = 14.0;
				MTL_ENABLE_DEBUG_INFO = NO;
				MTL_FAST_MATH = YES;
				SDKROOT = iphoneos;
				SWIFT_COMPILATION_MODE = wholemodule;
				SWIFT_OPTIMIZATION_LEVEL = "-O";
				VALIDATE_PRODUCT = YES;
			};
			name = Release;
		};
		762C77852A42C730008692C2 /* Debug */ = {
			isa = XCBuildConfiguration;
			buildSettings = {
				ASSETCATALOG_COMPILER_APPICON_NAME = AppIcon;
				ASSETCATALOG_COMPILER_GLOBAL_ACCENT_COLOR_NAME = AccentColor;
				CODE_SIGN_STYLE = Automatic;
				CURRENT_PROJECT_VERSION = 1;
				DEVELOPMENT_TEAM = 54ZG4WU22U;
				GENERATE_INFOPLIST_FILE = YES;
				INFOPLIST_FILE = YoutubeMusicAppClone/Info.plist;
				INFOPLIST_KEY_UIApplicationSupportsIndirectInputEvents = YES;
				INFOPLIST_KEY_UILaunchStoryboardName = LaunchScreen;
				INFOPLIST_KEY_UIMainStoryboardFile = Main;
				INFOPLIST_KEY_UIRequiresFullScreen = NO;
				INFOPLIST_KEY_UIStatusBarStyle = "";
				INFOPLIST_KEY_UISupportedInterfaceOrientations = "UIInterfaceOrientationLandscapeLeft UIInterfaceOrientationLandscapeRight UIInterfaceOrientationPortrait";
				INFOPLIST_KEY_UISupportedInterfaceOrientations_iPad = "UIInterfaceOrientationLandscapeLeft UIInterfaceOrientationLandscapeRight UIInterfaceOrientationPortrait UIInterfaceOrientationPortraitUpsideDown";
				IPHONEOS_DEPLOYMENT_TARGET = 14.0;
				LD_RUNPATH_SEARCH_PATHS = (
					"$(inherited)",
					"@executable_path/Frameworks",
				);
				MARKETING_VERSION = 1.0;
				PRODUCT_BUNDLE_IDENTIFIER = com.codeduck.YoutubeMusicAppClone;
				PRODUCT_NAME = "$(TARGET_NAME)";
				SWIFT_EMIT_LOC_STRINGS = YES;
				SWIFT_VERSION = 5.0;
				TARGETED_DEVICE_FAMILY = "1,2";
			};
			name = Debug;
		};
		762C77862A42C730008692C2 /* Release */ = {
			isa = XCBuildConfiguration;
			buildSettings = {
				ASSETCATALOG_COMPILER_APPICON_NAME = AppIcon;
				ASSETCATALOG_COMPILER_GLOBAL_ACCENT_COLOR_NAME = AccentColor;
				CODE_SIGN_STYLE = Automatic;
				CURRENT_PROJECT_VERSION = 1;
				DEVELOPMENT_TEAM = 54ZG4WU22U;
				GENERATE_INFOPLIST_FILE = YES;
				INFOPLIST_FILE = YoutubeMusicAppClone/Info.plist;
				INFOPLIST_KEY_UIApplicationSupportsIndirectInputEvents = YES;
				INFOPLIST_KEY_UILaunchStoryboardName = LaunchScreen;
				INFOPLIST_KEY_UIMainStoryboardFile = Main;
				INFOPLIST_KEY_UIRequiresFullScreen = NO;
				INFOPLIST_KEY_UIStatusBarStyle = "";
				INFOPLIST_KEY_UISupportedInterfaceOrientations = "UIInterfaceOrientationLandscapeLeft UIInterfaceOrientationLandscapeRight UIInterfaceOrientationPortrait";
				INFOPLIST_KEY_UISupportedInterfaceOrientations_iPad = "UIInterfaceOrientationLandscapeLeft UIInterfaceOrientationLandscapeRight UIInterfaceOrientationPortrait UIInterfaceOrientationPortraitUpsideDown";
				IPHONEOS_DEPLOYMENT_TARGET = 14.0;
				LD_RUNPATH_SEARCH_PATHS = (
					"$(inherited)",
					"@executable_path/Frameworks",
				);
				MARKETING_VERSION = 1.0;
				PRODUCT_BUNDLE_IDENTIFIER = com.codeduck.YoutubeMusicAppClone;
				PRODUCT_NAME = "$(TARGET_NAME)";
				SWIFT_EMIT_LOC_STRINGS = YES;
				SWIFT_VERSION = 5.0;
				TARGETED_DEVICE_FAMILY = "1,2";
			};
			name = Release;
		};
/* End XCBuildConfiguration section */

/* Begin XCConfigurationList section */
		762C776B2A42C730008692C2 /* Build configuration list for PBXProject "YoutubeMusicAppClone" */ = {
			isa = XCConfigurationList;
			buildConfigurations = (
				762C77822A42C730008692C2 /* Debug */,
				762C77832A42C730008692C2 /* Release */,
			);
			defaultConfigurationIsVisible = 0;
			defaultConfigurationName = Release;
		};
		762C77842A42C730008692C2 /* Build configuration list for PBXNativeTarget "YoutubeMusicAppClone" */ = {
			isa = XCConfigurationList;
			buildConfigurations = (
				762C77852A42C730008692C2 /* Debug */,
				762C77862A42C730008692C2 /* Release */,
			);
			defaultConfigurationIsVisible = 0;
			defaultConfigurationName = Release;
		};
/* End XCConfigurationList section */

/* Begin XCRemoteSwiftPackageReference section */
		76E7DCF12A4C5112009503C3 /* XCRemoteSwiftPackageReference "Kingfisher" */ = {
			isa = XCRemoteSwiftPackageReference;
			repositoryURL = "https://github.com/onevcat/Kingfisher";
			requirement = {
				kind = upToNextMajorVersion;
				minimumVersion = 7.0.0;
			};
		};
/* End XCRemoteSwiftPackageReference section */

/* Begin XCSwiftPackageProductDependency section */
		76E7DCF22A4C5112009503C3 /* Kingfisher */ = {
			isa = XCSwiftPackageProductDependency;
			package = 76E7DCF12A4C5112009503C3 /* XCRemoteSwiftPackageReference "Kingfisher" */;
			productName = Kingfisher;
		};
/* End XCSwiftPackageProductDependency section */
	};
	rootObject = 762C77682A42C730008692C2 /* Project object */;
}
